// !$*UTF8*$!
{
	archiveVersion = 1;
	classes = {
	};
	objectVersion = 48;
	objects = {

/* Begin PBXBuildFile section */
		1BB499744B1103E7755C0D16 /* Pods_YoutubeApp.framework in Frameworks */ = {isa = PBXBuildFile; fileRef = 4DB0B71311507EBDE34A9851 /* Pods_YoutubeApp.framework */; };
		AD0BB4E120C6F7BD0067E7FA /* GoogleService-Info.plist in Resources */ = {isa = PBXBuildFile; fileRef = AD0BB4E020C6F7BC0067E7FA /* GoogleService-Info.plist */; };
		AD269C1720C825060015D086 /* ShowVideoVC.swift in Sources */ = {isa = PBXBuildFile; fileRef = AD269C1620C825060015D086 /* ShowVideoVC.swift */; };
		AD269C1920C82A7D0015D086 /* Video.swift in Sources */ = {isa = PBXBuildFile; fileRef = AD269C1820C82A7D0015D086 /* Video.swift */; };
		AD269C1B20C82C190015D086 /* DataService.swift in Sources */ = {isa = PBXBuildFile; fileRef = AD269C1A20C82C190015D086 /* DataService.swift */; };
		ADB0191020C6E94700858726 /* CellView.swift in Sources */ = {isa = PBXBuildFile; fileRef = ADB0190F20C6E94700858726 /* CellView.swift */; };
		ADF3A17D20C6A6B00052C66D /* AppDelegate.swift in Sources */ = {isa = PBXBuildFile; fileRef = ADF3A17C20C6A6B00052C66D /* AppDelegate.swift */; };
		ADF3A17F20C6A6B00052C66D /* FeedVC.swift in Sources */ = {isa = PBXBuildFile; fileRef = ADF3A17E20C6A6B00052C66D /* FeedVC.swift */; };
		ADF3A18120C6A6B00052C66D /* SecondViewController.swift in Sources */ = {isa = PBXBuildFile; fileRef = ADF3A18020C6A6B00052C66D /* SecondViewController.swift */; };
		ADF3A18420C6A6B00052C66D /* Main.storyboard in Resources */ = {isa = PBXBuildFile; fileRef = ADF3A18220C6A6B00052C66D /* Main.storyboard */; };
		ADF3A18620C6A6B00052C66D /* Assets.xcassets in Resources */ = {isa = PBXBuildFile; fileRef = ADF3A18520C6A6B00052C66D /* Assets.xcassets */; };
		ADF3A18920C6A6B00052C66D /* LaunchScreen.storyboard in Resources */ = {isa = PBXBuildFile; fileRef = ADF3A18720C6A6B00052C66D /* LaunchScreen.storyboard */; };
/* End PBXBuildFile section */

/* Begin PBXFileReference section */
		4DB0B71311507EBDE34A9851 /* Pods_YoutubeApp.framework */ = {isa = PBXFileReference; explicitFileType = wrapper.framework; includeInIndex = 0; path = Pods_YoutubeApp.framework; sourceTree = BUILT_PRODUCTS_DIR; };
		AC31E0DBE69B6080F36E3CE5 /* Pods-YoutubeApp.release.xcconfig */ = {isa = PBXFileReference; includeInIndex = 1; lastKnownFileType = text.xcconfig; name = "Pods-YoutubeApp.release.xcconfig"; path = "Pods/Target Support Files/Pods-YoutubeApp/Pods-YoutubeApp.release.xcconfig"; sourceTree = "<group>"; };
		AD0BB4E020C6F7BC0067E7FA /* GoogleService-Info.plist */ = {isa = PBXFileReference; fileEncoding = 4; lastKnownFileType = text.plist.xml; path = "GoogleService-Info.plist"; sourceTree = "<group>"; };
		AD269C1620C825060015D086 /* ShowVideoVC.swift */ = {isa = PBXFileReference; lastKnownFileType = sourcecode.swift; path = ShowVideoVC.swift; sourceTree = "<group>"; };
		AD269C1820C82A7D0015D086 /* Video.swift */ = {isa = PBXFileReference; lastKnownFileType = sourcecode.swift; path = Video.swift; sourceTree = "<group>"; };
		AD269C1A20C82C190015D086 /* DataService.swift */ = {isa = PBXFileReference; lastKnownFileType = sourcecode.swift; path = DataService.swift; sourceTree = "<group>"; };
		ADB0190F20C6E94700858726 /* CellView.swift */ = {isa = PBXFileReference; lastKnownFileType = sourcecode.swift; path = CellView.swift; sourceTree = "<group>"; };
		ADF3A17920C6A6B00052C66D /* YoutubeApp.app */ = {isa = PBXFileReference; explicitFileType = wrapper.application; includeInIndex = 0; path = YoutubeApp.app; sourceTree = BUILT_PRODUCTS_DIR; };
		ADF3A17C20C6A6B00052C66D /* AppDelegate.swift */ = {isa = PBXFileReference; lastKnownFileType = sourcecode.swift; path = AppDelegate.swift; sourceTree = "<group>"; };
		ADF3A17E20C6A6B00052C66D /* FeedVC.swift */ = {isa = PBXFileReference; lastKnownFileType = sourcecode.swift; path = FeedVC.swift; sourceTree = "<group>"; };
		ADF3A18020C6A6B00052C66D /* SecondViewController.swift */ = {isa = PBXFileReference; lastKnownFileType = sourcecode.swift; path = SecondViewController.swift; sourceTree = "<group>"; };
		ADF3A18320C6A6B00052C66D /* Base */ = {isa = PBXFileReference; lastKnownFileType = file.storyboard; name = Base; path = Base.lproj/Main.storyboard; sourceTree = "<group>"; };
		ADF3A18520C6A6B00052C66D /* Assets.xcassets */ = {isa = PBXFileReference; lastKnownFileType = folder.assetcatalog; path = Assets.xcassets; sourceTree = "<group>"; };
		ADF3A18820C6A6B00052C66D /* Base */ = {isa = PBXFileReference; lastKnownFileType = file.storyboard; name = Base; path = Base.lproj/LaunchScreen.storyboard; sourceTree = "<group>"; };
		ADF3A18A20C6A6B00052C66D /* Info.plist */ = {isa = PBXFileReference; lastKnownFileType = text.plist.xml; path = Info.plist; sourceTree = "<group>"; };
		D532F5F862941BFC350DD0EF /* Pods-YoutubeApp.debug.xcconfig */ = {isa = PBXFileReference; includeInIndex = 1; lastKnownFileType = text.xcconfig; name = "Pods-YoutubeApp.debug.xcconfig"; path = "Pods/Target Support Files/Pods-YoutubeApp/Pods-YoutubeApp.debug.xcconfig"; sourceTree = "<group>"; };
/* End PBXFileReference section */

/* Begin PBXFrameworksBuildPhase section */
		ADF3A17620C6A6B00052C66D /* Frameworks */ = {
			isa = PBXFrameworksBuildPhase;
			buildActionMask = 2147483647;
			files = (
				1BB499744B1103E7755C0D16 /* Pods_YoutubeApp.framework in Frameworks */,
			);
			runOnlyForDeploymentPostprocessing = 0;
		};
/* End PBXFrameworksBuildPhase section */

/* Begin PBXGroup section */
		2D455D5C3DC89C61D6AA08CC /* Frameworks */ = {
			isa = PBXGroup;
			children = (
				4DB0B71311507EBDE34A9851 /* Pods_YoutubeApp.framework */,
			);
			name = Frameworks;
			sourceTree = "<group>";
		};
		612125B8149905A4D09E78A4 /* Pods */ = {
			isa = PBXGroup;
			children = (
				D532F5F862941BFC350DD0EF /* Pods-YoutubeApp.debug.xcconfig */,
				AC31E0DBE69B6080F36E3CE5 /* Pods-YoutubeApp.release.xcconfig */,
			);
			name = Pods;
			sourceTree = "<group>";
		};
		AD0BB4DF20C6EFD00067E7FA /* Feed */ = {
			isa = PBXGroup;
			children = (
				ADF3A17E20C6A6B00052C66D /* FeedVC.swift */,
			);
			path = Feed;
			sourceTree = "<group>";
		};
		AD114D9D20C6A9D000C63878 /* Model */ = {
			isa = PBXGroup;
			children = (
				AD269C1820C82A7D0015D086 /* Video.swift */,
				AD269C1A20C82C190015D086 /* DataService.swift */,
			);
			path = Model;
			sourceTree = "<group>";
		};
		AD114D9E20C6A9DE00C63878 /* View */ = {
			isa = PBXGroup;
			children = (
				ADB0190F20C6E94700858726 /* CellView.swift */,
				ADF3A18220C6A6B00052C66D /* Main.storyboard */,
			);
			path = View;
			sourceTree = "<group>";
		};
		AD114D9F20C6A9ED00C63878 /* Controller */ = {
			isa = PBXGroup;
			children = (
				AD0BB4DF20C6EFD00067E7FA /* Feed */,
				AD269C1620C825060015D086 /* ShowVideoVC.swift */,
				ADF3A18020C6A6B00052C66D /* SecondViewController.swift */,
			);
			path = Controller;
			sourceTree = "<group>";
		};
		ADF3A17020C6A6B00052C66D = {
			isa = PBXGroup;
			children = (
				ADF3A17B20C6A6B00052C66D /* YoutubeApp */,
				ADF3A17A20C6A6B00052C66D /* Products */,
				612125B8149905A4D09E78A4 /* Pods */,
				2D455D5C3DC89C61D6AA08CC /* Frameworks */,
			);
			sourceTree = "<group>";
		};
		ADF3A17A20C6A6B00052C66D /* Products */ = {
			isa = PBXGroup;
			children = (
				ADF3A17920C6A6B00052C66D /* YoutubeApp.app */,
			);
			name = Products;
			sourceTree = "<group>";
		};
		ADF3A17B20C6A6B00052C66D /* YoutubeApp */ = {
			isa = PBXGroup;
			children = (
				ADF3A18720C6A6B00052C66D /* LaunchScreen.storyboard */,
				ADF3A17C20C6A6B00052C66D /* AppDelegate.swift */,
				AD114D9D20C6A9D000C63878 /* Model */,
				AD114D9E20C6A9DE00C63878 /* View */,
				AD114D9F20C6A9ED00C63878 /* Controller */,
				ADF3A18520C6A6B00052C66D /* Assets.xcassets */,
				ADF3A18A20C6A6B00052C66D /* Info.plist */,
				AD0BB4E020C6F7BC0067E7FA /* GoogleService-Info.plist */,
			);
			path = YoutubeApp;
			sourceTree = "<group>";
		};
/* End PBXGroup section */

/* Begin PBXNativeTarget section */
		ADF3A17820C6A6B00052C66D /* YoutubeApp */ = {
			isa = PBXNativeTarget;
			buildConfigurationList = ADF3A18D20C6A6B00052C66D /* Build configuration list for PBXNativeTarget "YoutubeApp" */;
			buildPhases = (
				FD335A966339E2757C634014 /* [CP] Check Pods Manifest.lock */,
				ADF3A17520C6A6B00052C66D /* Sources */,
				ADF3A17620C6A6B00052C66D /* Frameworks */,
				ADF3A17720C6A6B00052C66D /* Resources */,
				94EC7F425C44F4D5981AF4DD /* [CP] Embed Pods Frameworks */,
			);
			buildRules = (
			);
			dependencies = (
			);
			name = YoutubeApp;
			productName = YoutubeApp;
			productReference = ADF3A17920C6A6B00052C66D /* YoutubeApp.app */;
			productType = "com.apple.product-type.application";
		};
/* End PBXNativeTarget section */

/* Begin PBXProject section */
		ADF3A17120C6A6B00052C66D /* Project object */ = {
			isa = PBXProject;
			attributes = {
				LastSwiftUpdateCheck = 0920;
				LastUpgradeCheck = 0920;
				ORGANIZATIONNAME = Christopher;
				TargetAttributes = {
					ADF3A17820C6A6B00052C66D = {
						CreatedOnToolsVersion = 9.2;
						ProvisioningStyle = Automatic;
					};
				};
			};
			buildConfigurationList = ADF3A17420C6A6B00052C66D /* Build configuration list for PBXProject "YoutubeApp" */;
			compatibilityVersion = "Xcode 8.0";
			developmentRegion = en;
			hasScannedForEncodings = 0;
			knownRegions = (
				en,
				Base,
			);
			mainGroup = ADF3A17020C6A6B00052C66D;
			productRefGroup = ADF3A17A20C6A6B00052C66D /* Products */;
			projectDirPath = "";
			projectRoot = "";
			targets = (
				ADF3A17820C6A6B00052C66D /* YoutubeApp */,
			);
		};
/* End PBXProject section */

/* Begin PBXResourcesBuildPhase section */
		ADF3A17720C6A6B00052C66D /* Resources */ = {
			isa = PBXResourcesBuildPhase;
			buildActionMask = 2147483647;
			files = (
				ADF3A18920C6A6B00052C66D /* LaunchScreen.storyboard in Resources */,
				AD0BB4E120C6F7BD0067E7FA /* GoogleService-Info.plist in Resources */,
				ADF3A18620C6A6B00052C66D /* Assets.xcassets in Resources */,
				ADF3A18420C6A6B00052C66D /* Main.storyboard in Resources */,
			);
			runOnlyForDeploymentPostprocessing = 0;
		};
/* End PBXResourcesBuildPhase section */

/* Begin PBXShellScriptBuildPhase section */
		94EC7F425C44F4D5981AF4DD /* [CP] Embed Pods Frameworks */ = {
			isa = PBXShellScriptBuildPhase;
			buildActionMask = 2147483647;
			files = (
			);
			inputPaths = (
				"${SRCROOT}/Pods/Target Support Files/Pods-YoutubeApp/Pods-YoutubeApp-frameworks.sh",
				"${BUILT_PRODUCTS_DIR}/GoogleToolboxForMac/GoogleToolboxForMac.framework",
			);
			name = "[CP] Embed Pods Frameworks";
			outputPaths = (
				"${TARGET_BUILD_DIR}/${FRAMEWORKS_FOLDER_PATH}/GoogleToolboxForMac.framework",
			);
			runOnlyForDeploymentPostprocessing = 0;
			shellPath = /bin/sh;
			shellScript = "\"${SRCROOT}/Pods/Target Support Files/Pods-YoutubeApp/Pods-YoutubeApp-frameworks.sh\"\n";
			showEnvVarsInLog = 0;
		};
		FD335A966339E2757C634014 /* [CP] Check Pods Manifest.lock */ = {
			isa = PBXShellScriptBuildPhase;
			buildActionMask = 2147483647;
			files = (
			);
			inputPaths = (
				"${PODS_PODFILE_DIR_PATH}/Podfile.lock",
				"${PODS_ROOT}/Manifest.lock",
			);
			name = "[CP] Check Pods Manifest.lock";
			outputPaths = (
				"$(DERIVED_FILE_DIR)/Pods-YoutubeApp-checkManifestLockResult.txt",
			);
			runOnlyForDeploymentPostprocessing = 0;
			shellPath = /bin/sh;
			shellScript = "diff \"${PODS_PODFILE_DIR_PATH}/Podfile.lock\" \"${PODS_ROOT}/Manifest.lock\" > /dev/null\nif [ $? != 0 ] ; then\n    # print error to STDERR\n    echo \"error: The sandbox is not in sync with the Podfile.lock. Run 'pod install' or update your CocoaPods installation.\" >&2\n    exit 1\nfi\n# This output is used by Xcode 'outputs' to avoid re-running this script phase.\necho \"SUCCESS\" > \"${SCRIPT_OUTPUT_FILE_0}\"\n";
			showEnvVarsInLog = 0;
		};
/* End PBXShellScriptBuildPhase section */

/* Begin PBXSourcesBuildPhase section */
		ADF3A17520C6A6B00052C66D /* Sources */ = {
			isa = PBXSourcesBuildPhase;
			buildActionMask = 2147483647;
			files = (
				ADB0191020C6E94700858726 /* CellView.swift in Sources */,
				AD269C1920C82A7D0015D086 /* Video.swift in Sources */,
				AD269C1720C825060015D086 /* ShowVideoVC.swift in Sources */,
				AD269C1B20C82C190015D086 /* DataService.swift in Sources */,
				ADF3A18120C6A6B00052C66D /* SecondViewController.swift in Sources */,
				ADF3A17D20C6A6B00052C66D /* AppDelegate.swift in Sources */,
				ADF3A17F20C6A6B00052C66D /* FeedVC.swift in Sources */,
			);
			runOnlyForDeploymentPostprocessing = 0;
		};
/* End PBXSourcesBuildPhase section */

/* Begin PBXVariantGroup section */
		ADF3A18220C6A6B00052C66D /* Main.storyboard */ = {
			isa = PBXVariantGroup;
			children = (
				ADF3A18320C6A6B00052C66D /* Base */,
			);
			name = Main.storyboard;
			sourceTree = "<group>";
		};
		ADF3A18720C6A6B00052C66D /* LaunchScreen.storyboard */ = {
			isa = PBXVariantGroup;
			children = (
				ADF3A18820C6A6B00052C66D /* Base */,
			);
			name = LaunchScreen.storyboard;
			sourceTree = "<group>";
		};
/* End PBXVariantGroup section */

/* Begin XCBuildConfiguration section */
		ADF3A18B20C6A6B00052C66D /* Debug */ = {
			isa = XCBuildConfiguration;
			buildSettings = {
				ALWAYS_SEARCH_USER_PATHS = NO;
				CLANG_ANALYZER_NONNULL = YES;
				CLANG_ANALYZER_NUMBER_OBJECT_CONVERSION = YES_AGGRESSIVE;
				CLANG_CXX_LANGUAGE_STANDARD = "gnu++14";
				CLANG_CXX_LIBRARY = "libc++";
				CLANG_ENABLE_MODULES = YES;
				CLANG_ENABLE_OBJC_ARC = YES;
				CLANG_WARN_BLOCK_CAPTURE_AUTORELEASING = YES;
				CLANG_WARN_BOOL_CONVERSION = YES;
				CLANG_WARN_COMMA = YES;
				CLANG_WARN_CONSTANT_CONVERSION = YES;
				CLANG_WARN_DIRECT_OBJC_ISA_USAGE = YES_ERROR;
				CLANG_WARN_DOCUMENTATION_COMMENTS = YES;
				CLANG_WARN_EMPTY_BODY = YES;
				CLANG_WARN_ENUM_CONVERSION = YES;
				CLANG_WARN_INFINITE_RECURSION = YES;
				CLANG_WARN_INT_CONVERSION = YES;
				CLANG_WARN_NON_LITERAL_NULL_CONVERSION = YES;
				CLANG_WARN_OBJC_LITERAL_CONVERSION = YES;
				CLANG_WARN_OBJC_ROOT_CLASS = YES_ERROR;
				CLANG_WARN_RANGE_LOOP_ANALYSIS = YES;
				CLANG_WARN_STRICT_PROTOTYPES = YES;
				CLANG_WARN_SUSPICIOUS_MOVE = YES;
				CLANG_WARN_UNGUARDED_AVAILABILITY = YES_AGGRESSIVE;
				CLANG_WARN_UNREACHABLE_CODE = YES;
				CLANG_WARN__DUPLICATE_METHOD_MATCH = YES;
				CODE_SIGN_IDENTITY = "iPhone Developer";
				COPY_PHASE_STRIP = NO;
				DEBUG_INFORMATION_FORMAT = dwarf;
				ENABLE_STRICT_OBJC_MSGSEND = YES;
				ENABLE_TESTABILITY = YES;
				GCC_C_LANGUAGE_STANDARD = gnu11;
				GCC_DYNAMIC_NO_PIC = NO;
				GCC_NO_COMMON_BLOCKS = YES;
				GCC_OPTIMIZATION_LEVEL = 0;
				GCC_PREPROCESSOR_DEFINITIONS = (
					"DEBUG=1",
					"$(inherited)",
				);
				GCC_WARN_64_TO_32_BIT_CONVERSION = YES;
				GCC_WARN_ABOUT_RETURN_TYPE = YES_ERROR;
				GCC_WARN_UNDECLARED_SELECTOR = YES;
				GCC_WARN_UNINITIALIZED_AUTOS = YES_AGGRESSIVE;
				GCC_WARN_UNUSED_FUNCTION = YES;
				GCC_WARN_UNUSED_VARIABLE = YES;
				IPHONEOS_DEPLOYMENT_TARGET = 11.2;
				MTL_ENABLE_DEBUG_INFO = YES;
				ONLY_ACTIVE_ARCH = YES;
				SDKROOT = iphoneos;
				SWIFT_ACTIVE_COMPILATION_CONDITIONS = DEBUG;
				SWIFT_OPTIMIZATION_LEVEL = "-Onone";
			};
			name = Debug;
		};
		ADF3A18C20C6A6B00052C66D /* Release */ = {
			isa = XCBuildConfiguration;
			buildSettings = {
				ALWAYS_SEARCH_USER_PATHS = NO;
				CLANG_ANALYZER_NONNULL = YES;
				CLANG_ANALYZER_NUMBER_OBJECT_CONVERSION = YES_AGGRESSIVE;
				CLANG_CXX_LANGUAGE_STANDARD = "gnu++14";
				CLANG_CXX_LIBRARY = "libc++";
				CLANG_ENABLE_MODULES = YES;
				CLANG_ENABLE_OBJC_ARC = YES;
				CLANG_WARN_BLOCK_CAPTURE_AUTORELEASING = YES;
				CLANG_WARN_BOOL_CONVERSION = YES;
				CLANG_WARN_COMMA = YES;
				CLANG_WARN_CONSTANT_CONVERSION = YES;
				CLANG_WARN_DIRECT_OBJC_ISA_USAGE = YES_ERROR;
				CLANG_WARN_DOCUMENTATION_COMMENTS = YES;
				CLANG_WARN_EMPTY_BODY = YES;
				CLANG_WARN_ENUM_CONVERSION = YES;
				CLANG_WARN_INFINITE_RECURSION = YES;
				CLANG_WARN_INT_CONVERSION = YES;
				CLANG_WARN_NON_LITERAL_NULL_CONVERSION = YES;
				CLANG_WARN_OBJC_LITERAL_CONVERSION = YES;
				CLANG_WARN_OBJC_ROOT_CLASS = YES_ERROR;
				CLANG_WARN_RANGE_LOOP_ANALYSIS = YES;
				CLANG_WARN_STRICT_PROTOTYPES = YES;
				CLANG_WARN_SUSPICIOUS_MOVE = YES;
				CLANG_WARN_UNGUARDED_AVAILABILITY = YES_AGGRESSIVE;
				CLANG_WARN_UNREACHABLE_CODE = YES;
				CLANG_WARN__DUPLICATE_METHOD_MATCH = YES;
				CODE_SIGN_IDENTITY = "iPhone Developer";
				COPY_PHASE_STRIP = NO;
				DEBUG_INFORMATION_FORMAT = "dwarf-with-dsym";
				ENABLE_NS_ASSERTIONS = NO;
				ENABLE_STRICT_OBJC_MSGSEND = YES;
				GCC_C_LANGUAGE_STANDARD = gnu11;
				GCC_NO_COMMON_BLOCKS = YES;
				GCC_WARN_64_TO_32_BIT_CONVERSION = YES;
				GCC_WARN_ABOUT_RETURN_TYPE = YES_ERROR;
				GCC_WARN_UNDECLARED_SELECTOR = YES;
				GCC_WARN_UNINITIALIZED_AUTOS = YES_AGGRESSIVE;
				GCC_WARN_UNUSED_FUNCTION = YES;
				GCC_WARN_UNUSED_VARIABLE = YES;
				IPHONEOS_DEPLOYMENT_TARGET = 11.2;
				MTL_ENABLE_DEBUG_INFO = NO;
				SDKROOT = iphoneos;
				SWIFT_OPTIMIZATION_LEVEL = "-Owholemodule";
				VALIDATE_PRODUCT = YES;
			};
			name = Release;
		};
		ADF3A18E20C6A6B00052C66D /* Debug */ = {
			isa = XCBuildConfiguration;
			baseConfigurationReference = D532F5F862941BFC350DD0EF /* Pods-YoutubeApp.debug.xcconfig */;
			buildSettings = {
				ASSETCATALOG_COMPILER_APPICON_NAME = AppIcon;
				CODE_SIGN_STYLE = Automatic;
				DEVELOPMENT_TEAM = 57HCEGDQ85;
				INFOPLIST_FILE = YoutubeApp/Info.plist;
				LD_RUNPATH_SEARCH_PATHS = "$(inherited) @executable_path/Frameworks";
				PRODUCT_BUNDLE_IDENTIFIER = crisurbanblogt.com.YoutubeApp;
				PRODUCT_NAME = "$(TARGET_NAME)";
				SWIFT_VERSION = 4.0;
				TARGETED_DEVICE_FAMILY = "1,2";
			};
			name = Debug;
		};
		ADF3A18F20C6A6B00052C66D /* Release */ = {
			isa = XCBuildConfiguration;
			baseConfigurationReference = AC31E0DBE69B6080F36E3CE5 /* Pods-YoutubeApp.release.xcconfig */;
			buildSettings = {
				ASSETCATALOG_COMPILER_APPICON_NAME = AppIcon;
				CODE_SIGN_STYLE = Automatic;
				DEVELOPMENT_TEAM = 57HCEGDQ85;
				INFOPLIST_FILE = YoutubeApp/Info.plist;
				LD_RUNPATH_SEARCH_PATHS = "$(inherited) @executable_path/Frameworks";
				PRODUCT_BUNDLE_IDENTIFIER = crisurbanblogt.com.YoutubeApp;
				PRODUCT_NAME = "$(TARGET_NAME)";
				SWIFT_VERSION = 4.0;
				TARGETED_DEVICE_FAMILY = "1,2";
			};
			name = Release;
		};
/* End XCBuildConfiguration section */

/* Begin XCConfigurationList section */
		ADF3A17420C6A6B00052C66D /* Build configuration list for PBXProject "YoutubeApp" */ = {
			isa = XCConfigurationList;
			buildConfigurations = (
				ADF3A18B20C6A6B00052C66D /* Debug */,
				ADF3A18C20C6A6B00052C66D /* Release */,
			);
			defaultConfigurationIsVisible = 0;
			defaultConfigurationName = Release;
		};
		ADF3A18D20C6A6B00052C66D /* Build configuration list for PBXNativeTarget "YoutubeApp" */ = {
			isa = XCConfigurationList;
			buildConfigurations = (
				ADF3A18E20C6A6B00052C66D /* Debug */,
				ADF3A18F20C6A6B00052C66D /* Release */,
			);
			defaultConfigurationIsVisible = 0;
			defaultConfigurationName = Release;
		};
/* End XCConfigurationList section */
	};
	rootObject = ADF3A17120C6A6B00052C66D /* Project object */;
}
